// !$*UTF8*$!
{
	archiveVersion = 1;
	classes = {
	};
	objectVersion = 50;
	objects = {

/* Begin PBXBuildFile section */
		CF087B5E22961D0F007CF2EB /* Shop+Service.swift in Sources */ = {isa = PBXBuildFile; fileRef = CF087B5D22961D0F007CF2EB /* Shop+Service.swift */; };
		CF3AD93E22305CA300F7DCE3 /* Extensions.swift in Sources */ = {isa = PBXBuildFile; fileRef = CF3AD93D22305CA300F7DCE3 /* Extensions.swift */; };
		CF3AD94322306F3400F7DCE3 /* CoffeeView.swift in Sources */ = {isa = PBXBuildFile; fileRef = CF3AD94222306F3400F7DCE3 /* CoffeeView.swift */; };
		CF3AD945223198D800F7DCE3 /* Assets.xcassets in Resources */ = {isa = PBXBuildFile; fileRef = CF3AD944223198D800F7DCE3 /* Assets.xcassets */; };
		CF4157A7222F59FC00FAF4CB /* AppDelegate.swift in Sources */ = {isa = PBXBuildFile; fileRef = CF4157A6222F59FC00FAF4CB /* AppDelegate.swift */; };
		CF4157A9222F59FC00FAF4CB /* CardViewController.swift in Sources */ = {isa = PBXBuildFile; fileRef = CF4157A8222F59FC00FAF4CB /* CardViewController.swift */; };
		CF4157AC222F59FC00FAF4CB /* Main.storyboard in Resources */ = {isa = PBXBuildFile; fileRef = CF4157AA222F59FC00FAF4CB /* Main.storyboard */; };
		CF4157B1222F59FE00FAF4CB /* LaunchScreen.storyboard in Resources */ = {isa = PBXBuildFile; fileRef = CF4157AF222F59FE00FAF4CB /* LaunchScreen.storyboard */; };
		CF4157BD22302E4F00FAF4CB /* CameraFrame.swift in Sources */ = {isa = PBXBuildFile; fileRef = CF4157BC22302E4F00FAF4CB /* CameraFrame.swift */; };
		CF4157BF223049A600FAF4CB /* CoffeeCupCollectionViewCell.swift in Sources */ = {isa = PBXBuildFile; fileRef = CF4157BE223049A600FAF4CB /* CoffeeCupCollectionViewCell.swift */; };
		CF80FC53228E156C00D1DCE6 /* Shop.swift in Sources */ = {isa = PBXBuildFile; fileRef = CF80FC52228E156C00D1DCE6 /* Shop.swift */; };
		CF9A483B228B27A700046F3A /* Card.swift in Sources */ = {isa = PBXBuildFile; fileRef = CF9A483A228B27A700046F3A /* Card.swift */; };
		CFDE83C7228F2F6000182353 /* Card+Service.swift in Sources */ = {isa = PBXBuildFile; fileRef = CFDE83C6228F2F6000182353 /* Card+Service.swift */; };
		CFDE83C9228F2FF300182353 /* CardView.swift in Sources */ = {isa = PBXBuildFile; fileRef = CFDE83C8228F2FF300182353 /* CardView.swift */; };
/* End PBXBuildFile section */

/* Begin PBXFileReference section */
		CF087B5D22961D0F007CF2EB /* Shop+Service.swift */ = {isa = PBXFileReference; lastKnownFileType = sourcecode.swift; path = "Shop+Service.swift"; sourceTree = "<group>"; };
		CF3AD93D22305CA300F7DCE3 /* Extensions.swift */ = {isa = PBXFileReference; lastKnownFileType = sourcecode.swift; path = Extensions.swift; sourceTree = "<group>"; };
		CF3AD94222306F3400F7DCE3 /* CoffeeView.swift */ = {isa = PBXFileReference; lastKnownFileType = sourcecode.swift; path = CoffeeView.swift; sourceTree = "<group>"; };
		CF3AD944223198D800F7DCE3 /* Assets.xcassets */ = {isa = PBXFileReference; lastKnownFileType = folder.assetcatalog; path = Assets.xcassets; sourceTree = "<group>"; };
		CF4157A3222F59FC00FAF4CB /* CoffeeRewardsScanner.app */ = {isa = PBXFileReference; explicitFileType = wrapper.application; includeInIndex = 0; path = CoffeeRewardsScanner.app; sourceTree = BUILT_PRODUCTS_DIR; };
		CF4157A6222F59FC00FAF4CB /* AppDelegate.swift */ = {isa = PBXFileReference; lastKnownFileType = sourcecode.swift; path = AppDelegate.swift; sourceTree = "<group>"; };
		CF4157A8222F59FC00FAF4CB /* CardViewController.swift */ = {isa = PBXFileReference; lastKnownFileType = sourcecode.swift; path = CardViewController.swift; sourceTree = "<group>"; };
		CF4157AB222F59FC00FAF4CB /* Base */ = {isa = PBXFileReference; lastKnownFileType = file.storyboard; name = Base; path = Base.lproj/Main.storyboard; sourceTree = "<group>"; };
		CF4157B0222F59FE00FAF4CB /* Base */ = {isa = PBXFileReference; lastKnownFileType = file.storyboard; name = Base; path = Base.lproj/LaunchScreen.storyboard; sourceTree = "<group>"; };
		CF4157B2222F59FE00FAF4CB /* Info.plist */ = {isa = PBXFileReference; lastKnownFileType = text.plist.xml; path = Info.plist; sourceTree = "<group>"; };
		CF4157BC22302E4F00FAF4CB /* CameraFrame.swift */ = {isa = PBXFileReference; lastKnownFileType = sourcecode.swift; path = CameraFrame.swift; sourceTree = "<group>"; };
		CF4157BE223049A600FAF4CB /* CoffeeCupCollectionViewCell.swift */ = {isa = PBXFileReference; lastKnownFileType = sourcecode.swift; path = CoffeeCupCollectionViewCell.swift; sourceTree = "<group>"; };
		CF80FC52228E156C00D1DCE6 /* Shop.swift */ = {isa = PBXFileReference; lastKnownFileType = sourcecode.swift; path = Shop.swift; sourceTree = "<group>"; };
		CF9A483A228B27A700046F3A /* Card.swift */ = {isa = PBXFileReference; lastKnownFileType = sourcecode.swift; path = Card.swift; sourceTree = "<group>"; };
		CFDE83C6228F2F6000182353 /* Card+Service.swift */ = {isa = PBXFileReference; lastKnownFileType = sourcecode.swift; path = "Card+Service.swift"; sourceTree = "<group>"; };
		CFDE83C8228F2FF300182353 /* CardView.swift */ = {isa = PBXFileReference; lastKnownFileType = sourcecode.swift; path = CardView.swift; sourceTree = "<group>"; };
/* End PBXFileReference section */

/* Begin PBXFrameworksBuildPhase section */
		CF4157A0222F59FC00FAF4CB /* Frameworks */ = {
			isa = PBXFrameworksBuildPhase;
			buildActionMask = 2147483647;
			files = (
			);
			runOnlyForDeploymentPostprocessing = 0;
		};
/* End PBXFrameworksBuildPhase section */

/* Begin PBXGroup section */
		CF3AD93F223062A300F7DCE3 /* Models */ = {
			isa = PBXGroup;
			children = (
				CF9A483A228B27A700046F3A /* Card.swift */,
				CFDE83C6228F2F6000182353 /* Card+Service.swift */,
				CF80FC52228E156C00D1DCE6 /* Shop.swift */,
				CF087B5D22961D0F007CF2EB /* Shop+Service.swift */,
			);
			path = Models;
			sourceTree = "<group>";
		};
		CF3AD940223062AA00F7DCE3 /* Controllers */ = {
			isa = PBXGroup;
			children = (
				CF4157A8222F59FC00FAF4CB /* CardViewController.swift */,
			);
			path = Controllers;
			sourceTree = "<group>";
		};
		CF3AD941223062AE00F7DCE3 /* Views */ = {
			isa = PBXGroup;
			children = (
				CF4157BC22302E4F00FAF4CB /* CameraFrame.swift */,
				CFDE83C8228F2FF300182353 /* CardView.swift */,
				CF4157BE223049A600FAF4CB /* CoffeeCupCollectionViewCell.swift */,
				CF3AD94222306F3400F7DCE3 /* CoffeeView.swift */,
			);
			path = Views;
			sourceTree = "<group>";
		};
		CF41579A222F59FC00FAF4CB = {
			isa = PBXGroup;
			children = (
				CF4157A5222F59FC00FAF4CB /* CoffeeRewardsScanner */,
				CF4157A4222F59FC00FAF4CB /* Products */,
			);
			sourceTree = "<group>";
		};
		CF4157A4222F59FC00FAF4CB /* Products */ = {
			isa = PBXGroup;
			children = (
				CF4157A3222F59FC00FAF4CB /* CoffeeRewardsScanner.app */,
			);
			name = Products;
			sourceTree = "<group>";
		};
		CF4157A5222F59FC00FAF4CB /* CoffeeRewardsScanner */ = {
			isa = PBXGroup;
			children = (
				CF4157A6222F59FC00FAF4CB /* AppDelegate.swift */,
				CF3AD93F223062A300F7DCE3 /* Models */,
				CF3AD941223062AE00F7DCE3 /* Views */,
				CF3AD940223062AA00F7DCE3 /* Controllers */,
				CF3AD93D22305CA300F7DCE3 /* Extensions.swift */,
				CF4157AA222F59FC00FAF4CB /* Main.storyboard */,
				CF4157AF222F59FE00FAF4CB /* LaunchScreen.storyboard */,
				CF3AD944223198D800F7DCE3 /* Assets.xcassets */,
				CF4157B2222F59FE00FAF4CB /* Info.plist */,
			);
			path = CoffeeRewardsScanner;
			sourceTree = "<group>";
		};
/* End PBXGroup section */

/* Begin PBXNativeTarget section */
		CF4157A2222F59FC00FAF4CB /* CoffeeRewardsScanner */ = {
			isa = PBXNativeTarget;
			buildConfigurationList = CF4157B5222F59FE00FAF4CB /* Build configuration list for PBXNativeTarget "CoffeeRewardsScanner" */;
			buildPhases = (
				CF41579F222F59FC00FAF4CB /* Sources */,
				CF4157A0222F59FC00FAF4CB /* Frameworks */,
				CF4157A1222F59FC00FAF4CB /* Resources */,
			);
			buildRules = (
			);
			dependencies = (
			);
			name = CoffeeRewardsScanner;
			productName = CoffeeRewardsScanner;
			productReference = CF4157A3222F59FC00FAF4CB /* CoffeeRewardsScanner.app */;
			productType = "com.apple.product-type.application";
		};
/* End PBXNativeTarget section */

/* Begin PBXProject section */
		CF41579B222F59FC00FAF4CB /* Project object */ = {
			isa = PBXProject;
			attributes = {
				LastSwiftUpdateCheck = 1010;
				LastUpgradeCheck = 1010;
				ORGANIZATIONNAME = "Wilson Desimini";
				TargetAttributes = {
					CF4157A2222F59FC00FAF4CB = {
						CreatedOnToolsVersion = 10.1;
					};
				};
			};
			buildConfigurationList = CF41579E222F59FC00FAF4CB /* Build configuration list for PBXProject "CoffeeRewardsScanner" */;
			compatibilityVersion = "Xcode 9.3";
			developmentRegion = en;
			hasScannedForEncodings = 0;
			knownRegions = (
				en,
				Base,
			);
			mainGroup = CF41579A222F59FC00FAF4CB;
			productRefGroup = CF4157A4222F59FC00FAF4CB /* Products */;
			projectDirPath = "";
			projectRoot = "";
			targets = (
				CF4157A2222F59FC00FAF4CB /* CoffeeRewardsScanner */,
			);
		};
/* End PBXProject section */

/* Begin PBXResourcesBuildPhase section */
		CF4157A1222F59FC00FAF4CB /* Resources */ = {
			isa = PBXResourcesBuildPhase;
			buildActionMask = 2147483647;
			files = (
				CF4157B1222F59FE00FAF4CB /* LaunchScreen.storyboard in Resources */,
				CF3AD945223198D800F7DCE3 /* Assets.xcassets in Resources */,
				CF4157AC222F59FC00FAF4CB /* Main.storyboard in Resources */,
			);
			runOnlyForDeploymentPostprocessing = 0;
		};
/* End PBXResourcesBuildPhase section */

/* Begin PBXSourcesBuildPhase section */
		CF41579F222F59FC00FAF4CB /* Sources */ = {
			isa = PBXSourcesBuildPhase;
			buildActionMask = 2147483647;
			files = (
				CF4157BD22302E4F00FAF4CB /* CameraFrame.swift in Sources */,
				CF9A483B228B27A700046F3A /* Card.swift in Sources */,
				CF80FC53228E156C00D1DCE6 /* Shop.swift in Sources */,
				CF087B5E22961D0F007CF2EB /* Shop+Service.swift in Sources */,
				CF3AD94322306F3400F7DCE3 /* CoffeeView.swift in Sources */,
				CF3AD93E22305CA300F7DCE3 /* Extensions.swift in Sources */,
				CF4157BF223049A600FAF4CB /* CoffeeCupCollectionViewCell.swift in Sources */,
				CFDE83C9228F2FF300182353 /* CardView.swift in Sources */,
				CFDE83C7228F2F6000182353 /* Card+Service.swift in Sources */,
				CF4157A9222F59FC00FAF4CB /* CardViewController.swift in Sources */,
				CF4157A7222F59FC00FAF4CB /* AppDelegate.swift in Sources */,
			);
			runOnlyForDeploymentPostprocessing = 0;
		};
/* End PBXSourcesBuildPhase section */

/* Begin PBXVariantGroup section */
		CF4157AA222F59FC00FAF4CB /* Main.storyboard */ = {
			isa = PBXVariantGroup;
			children = (
				CF4157AB222F59FC00FAF4CB /* Base */,
			);
			name = Main.storyboard;
			sourceTree = "<group>";
		};
		CF4157AF222F59FE00FAF4CB /* LaunchScreen.storyboard */ = {
			isa = PBXVariantGroup;
			children = (
				CF4157B0222F59FE00FAF4CB /* Base */,
			);
			name = LaunchScreen.storyboard;
			sourceTree = "<group>";
		};
/* End PBXVariantGroup section */

/* Begin XCBuildConfiguration section */
		CF4157B3222F59FE00FAF4CB /* Debug */ = {
			isa = XCBuildConfiguration;
			buildSettings = {
				ALWAYS_SEARCH_USER_PATHS = NO;
				CLANG_ANALYZER_NONNULL = YES;
				CLANG_ANALYZER_NUMBER_OBJECT_CONVERSION = YES_AGGRESSIVE;
				CLANG_CXX_LANGUAGE_STANDARD = "gnu++14";
				CLANG_CXX_LIBRARY = "libc++";
				CLANG_ENABLE_MODULES = YES;
				CLANG_ENABLE_OBJC_ARC = YES;
				CLANG_ENABLE_OBJC_WEAK = YES;
				CLANG_WARN_BLOCK_CAPTURE_AUTORELEASING = YES;
				CLANG_WARN_BOOL_CONVERSION = YES;
				CLANG_WARN_COMMA = YES;
				CLANG_WARN_CONSTANT_CONVERSION = YES;
				CLANG_WARN_DEPRECATED_OBJC_IMPLEMENTATIONS = YES;
				CLANG_WARN_DIRECT_OBJC_ISA_USAGE = YES_ERROR;
				CLANG_WARN_DOCUMENTATION_COMMENTS = YES;
				CLANG_WARN_EMPTY_BODY = YES;
				CLANG_WARN_ENUM_CONVERSION = YES;
				CLANG_WARN_INFINITE_RECURSION = YES;
				CLANG_WARN_INT_CONVERSION = YES;
				CLANG_WARN_NON_LITERAL_NULL_CONVERSION = YES;
				CLANG_WARN_OBJC_IMPLICIT_RETAIN_SELF = YES;
				CLANG_WARN_OBJC_LITERAL_CONVERSION = YES;
				CLANG_WARN_OBJC_ROOT_CLASS = YES_ERROR;
				CLANG_WARN_RANGE_LOOP_ANALYSIS = YES;
				CLANG_WARN_STRICT_PROTOTYPES = YES;
				CLANG_WARN_SUSPICIOUS_MOVE = YES;
				CLANG_WARN_UNGUARDED_AVAILABILITY = YES_AGGRESSIVE;
				CLANG_WARN_UNREACHABLE_CODE = YES;
				CLANG_WARN__DUPLICATE_METHOD_MATCH = YES;
				CODE_SIGN_IDENTITY = "iPhone Developer";
				COPY_PHASE_STRIP = NO;
				DEBUG_INFORMATION_FORMAT = dwarf;
				ENABLE_STRICT_OBJC_MSGSEND = YES;
				ENABLE_TESTABILITY = YES;
				GCC_C_LANGUAGE_STANDARD = gnu11;
				GCC_DYNAMIC_NO_PIC = NO;
				GCC_NO_COMMON_BLOCKS = YES;
				GCC_OPTIMIZATION_LEVEL = 0;
				GCC_PREPROCESSOR_DEFINITIONS = (
					"DEBUG=1",
					"$(inherited)",
				);
				GCC_WARN_64_TO_32_BIT_CONVERSION = YES;
				GCC_WARN_ABOUT_RETURN_TYPE = YES_ERROR;
				GCC_WARN_UNDECLARED_SELECTOR = YES;
				GCC_WARN_UNINITIALIZED_AUTOS = YES_AGGRESSIVE;
				GCC_WARN_UNUSED_FUNCTION = YES;
				GCC_WARN_UNUSED_VARIABLE = YES;
				IPHONEOS_DEPLOYMENT_TARGET = 12.1;
				MTL_ENABLE_DEBUG_INFO = INCLUDE_SOURCE;
				MTL_FAST_MATH = YES;
				ONLY_ACTIVE_ARCH = YES;
				SDKROOT = iphoneos;
				SWIFT_ACTIVE_COMPILATION_CONDITIONS = DEBUG;
				SWIFT_OPTIMIZATION_LEVEL = "-Onone";
			};
			name = Debug;
		};
		CF4157B4222F59FE00FAF4CB /* Release */ = {
			isa = XCBuildConfiguration;
			buildSettings = {
				ALWAYS_SEARCH_USER_PATHS = NO;
				CLANG_ANALYZER_NONNULL = YES;
				CLANG_ANALYZER_NUMBER_OBJECT_CONVERSION = YES_AGGRESSIVE;
				CLANG_CXX_LANGUAGE_STANDARD = "gnu++14";
				CLANG_CXX_LIBRARY = "libc++";
				CLANG_ENABLE_MODULES = YES;
				CLANG_ENABLE_OBJC_ARC = YES;
				CLANG_ENABLE_OBJC_WEAK = YES;
				CLANG_WARN_BLOCK_CAPTURE_AUTORELEASING = YES;
				CLANG_WARN_BOOL_CONVERSION = YES;
				CLANG_WARN_COMMA = YES;
				CLANG_WARN_CONSTANT_CONVERSION = YES;
				CLANG_WARN_DEPRECATED_OBJC_IMPLEMENTATIONS = YES;
				CLANG_WARN_DIRECT_OBJC_ISA_USAGE = YES_ERROR;
				CLANG_WARN_DOCUMENTATION_COMMENTS = YES;
				CLANG_WARN_EMPTY_BODY = YES;
				CLANG_WARN_ENUM_CONVERSION = YES;
				CLANG_WARN_INFINITE_RECURSION = YES;
				CLANG_WARN_INT_CONVERSION = YES;
				CLANG_WARN_NON_LITERAL_NULL_CONVERSION = YES;
				CLANG_WARN_OBJC_IMPLICIT_RETAIN_SELF = YES;
				CLANG_WARN_OBJC_LITERAL_CONVERSION = YES;
				CLANG_WARN_OBJC_ROOT_CLASS = YES_ERROR;
				CLANG_WARN_RANGE_LOOP_ANALYSIS = YES;
				CLANG_WARN_STRICT_PROTOTYPES = YES;
				CLANG_WARN_SUSPICIOUS_MOVE = YES;
				CLANG_WARN_UNGUARDED_AVAILABILITY = YES_AGGRESSIVE;
				CLANG_WARN_UNREACHABLE_CODE = YES;
				CLANG_WARN__DUPLICATE_METHOD_MATCH = YES;
				CODE_SIGN_IDENTITY = "iPhone Developer";
				COPY_PHASE_STRIP = NO;
				DEBUG_INFORMATION_FORMAT = "dwarf-with-dsym";
				ENABLE_NS_ASSERTIONS = NO;
				ENABLE_STRICT_OBJC_MSGSEND = YES;
				GCC_C_LANGUAGE_STANDARD = gnu11;
				GCC_NO_COMMON_BLOCKS = YES;
				GCC_WARN_64_TO_32_BIT_CONVERSION = YES;
				GCC_WARN_ABOUT_RETURN_TYPE = YES_ERROR;
				GCC_WARN_UNDECLARED_SELECTOR = YES;
				GCC_WARN_UNINITIALIZED_AUTOS = YES_AGGRESSIVE;
				GCC_WARN_UNUSED_FUNCTION = YES;
				GCC_WARN_UNUSED_VARIABLE = YES;
				IPHONEOS_DEPLOYMENT_TARGET = 12.1;
				MTL_ENABLE_DEBUG_INFO = NO;
				MTL_FAST_MATH = YES;
				SDKROOT = iphoneos;
				SWIFT_COMPILATION_MODE = wholemodule;
				SWIFT_OPTIMIZATION_LEVEL = "-O";
				VALIDATE_PRODUCT = YES;
			};
			name = Release;
		};
		CF4157B6222F59FE00FAF4CB /* Debug */ = {
			isa = XCBuildConfiguration;
			buildSettings = {
				ASSETCATALOG_COMPILER_APPICON_NAME = AppIcon;
				CODE_SIGN_STYLE = Automatic;
				DEVELOPMENT_TEAM = 42UG54QP3B;
				INFOPLIST_FILE = CoffeeRewardsScanner/Info.plist;
				LD_RUNPATH_SEARCH_PATHS = (
					"$(inherited)",
					"@executable_path/Frameworks",
				);
				PRODUCT_BUNDLE_IDENTIFIER = com.WilsonDesimini.CoffeeRewardsScanner;
				PRODUCT_NAME = "$(TARGET_NAME)";
				SWIFT_VERSION = 4.2;
				TARGETED_DEVICE_FAMILY = "1,2";
			};
			name = Debug;
		};
		CF4157B7222F59FE00FAF4CB /* Release */ = {
			isa = XCBuildConfiguration;
			buildSettings = {
				ASSETCATALOG_COMPILER_APPICON_NAME = AppIcon;
				CODE_SIGN_STYLE = Automatic;
				DEVELOPMENT_TEAM = 42UG54QP3B;
				INFOPLIST_FILE = CoffeeRewardsScanner/Info.plist;
				LD_RUNPATH_SEARCH_PATHS = (
					"$(inherited)",
					"@executable_path/Frameworks",
				);
				PRODUCT_BUNDLE_IDENTIFIER = com.WilsonDesimini.CoffeeRewardsScanner;
				PRODUCT_NAME = "$(TARGET_NAME)";
				SWIFT_VERSION = 4.2;
				TARGETED_DEVICE_FAMILY = "1,2";
			};
			name = Release;
		};
/* End XCBuildConfiguration section */

/* Begin XCConfigurationList section */
		CF41579E222F59FC00FAF4CB /* Build configuration list for PBXProject "CoffeeRewardsScanner" */ = {
			isa = XCConfigurationList;
			buildConfigurations = (
				CF4157B3222F59FE00FAF4CB /* Debug */,
				CF4157B4222F59FE00FAF4CB /* Release */,
			);
			defaultConfigurationIsVisible = 0;
			defaultConfigurationName = Release;
		};
		CF4157B5222F59FE00FAF4CB /* Build configuration list for PBXNativeTarget "CoffeeRewardsScanner" */ = {
			isa = XCConfigurationList;
			buildConfigurations = (
				CF4157B6222F59FE00FAF4CB /* Debug */,
				CF4157B7222F59FE00FAF4CB /* Release */,
			);
			defaultConfigurationIsVisible = 0;
			defaultConfigurationName = Release;
		};
/* End XCConfigurationList section */
	};
	rootObject = CF41579B222F59FC00FAF4CB /* Project object */;
}
